{
  "pins" : [
    {
      "identity" : "maccolorpicker",
      "kind" : "remoteSourceControl",
      "location" : "https://github.com/will-lumley/macColorPicker.git",
      "state" : {
        "revision" : "5d8404511bd4e0cfd790739fc127a40890c06501",
        "version" : "1.2.4"
      }
    }
  ],
  "version" : 2
}
