// !$*UTF8*$!
{
	archiveVersion = 1;
	classes = {
	};
	objectVersion = 60;
	objects = {

/* Begin PBXBuildFile section */
		BE96A1F42B5A216500917EE3 /* AppDelegate.swift in Sources */ = {isa = PBXBuildFile; fileRef = BE96A1F32B5A216500917EE3 /* AppDelegate.swift */; };
		BE96A1F62B5A216500917EE3 /* ViewController.swift in Sources */ = {isa = PBXBuildFile; fileRef = BE96A1F52B5A216500917EE3 /* ViewController.swift */; };
		BE96A1F82B5A216600917EE3 /* Assets.xcassets in Resources */ = {isa = PBXBuildFile; fileRef = BE96A1F72B5A216600917EE3 /* Assets.xcassets */; };
		BE96A1FB2B5A216700917EE3 /* Main.storyboard in Resources */ = {isa = PBXBuildFile; fileRef = BE96A1F92B5A216700917EE3 /* Main.storyboard */; };
		BE96A2042B5A21F200917EE3 /* RichEditor in Frameworks */ = {isa = PBXBuildFile; productRef = BE96A2032B5A21F200917EE3 /* RichEditor */; };
		BE96A2092B5A221700917EE3 /* PreviewWebViewController.swift in Sources */ = {isa = PBXBuildFile; fileRef = BE96A2052B5A221700917EE3 /* PreviewWebViewController.swift */; };
		BE96A20A2B5A221700917EE3 /* PreviewViewController.swift in Sources */ = {isa = PBXBuildFile; fileRef = BE96A2062B5A221700917EE3 /* PreviewViewController.swift */; };
		BE96A20B2B5A221700917EE3 /* NSColor+Hex.swift in Sources */ = {isa = PBXBuildFile; fileRef = BE96A2072B5A221700917EE3 /* NSColor+Hex.swift */; };
		BE96A20C2B5A221700917EE3 /* PreviewTextViewController.swift in Sources */ = {isa = PBXBuildFile; fileRef = BE96A2082B5A221700917EE3 /* PreviewTextViewController.swift */; };
/* End PBXBuildFile section */

/* Begin PBXFileReference section */
		BE96A1F02B5A216500917EE3 /* RichEditorExample.app */ = {isa = PBXFileReference; explicitFileType = wrapper.application; includeInIndex = 0; path = RichEditorExample.app; sourceTree = BUILT_PRODUCTS_DIR; };
		BE96A1F32B5A216500917EE3 /* AppDelegate.swift */ = {isa = PBXFileReference; lastKnownFileType = sourcecode.swift; path = AppDelegate.swift; sourceTree = "<group>"; };
		BE96A1F52B5A216500917EE3 /* ViewController.swift */ = {isa = PBXFileReference; lastKnownFileType = sourcecode.swift; path = ViewController.swift; sourceTree = "<group>"; };
		BE96A1F72B5A216600917EE3 /* Assets.xcassets */ = {isa = PBXFileReference; lastKnownFileType = folder.assetcatalog; path = Assets.xcassets; sourceTree = "<group>"; };
		BE96A1FA2B5A216700917EE3 /* Base */ = {isa = PBXFileReference; lastKnownFileType = file.storyboard; name = Base; path = Base.lproj/Main.storyboard; sourceTree = "<group>"; };
		BE96A1FC2B5A216700917EE3 /* RichEditorExample.entitlements */ = {isa = PBXFileReference; lastKnownFileType = text.plist.entitlements; path = RichEditorExample.entitlements; sourceTree = "<group>"; };
		BE96A2052B5A221700917EE3 /* PreviewWebViewController.swift */ = {isa = PBXFileReference; fileEncoding = 4; lastKnownFileType = sourcecode.swift; path = PreviewWebViewController.swift; sourceTree = "<group>"; };
		BE96A2062B5A221700917EE3 /* PreviewViewController.swift */ = {isa = PBXFileReference; fileEncoding = 4; lastKnownFileType = sourcecode.swift; path = PreviewViewController.swift; sourceTree = "<group>"; };
		BE96A2072B5A221700917EE3 /* NSColor+Hex.swift */ = {isa = PBXFileReference; fileEncoding = 4; lastKnownFileType = sourcecode.swift; path = "NSColor+Hex.swift"; sourceTree = "<group>"; };
		BE96A2082B5A221700917EE3 /* PreviewTextViewController.swift */ = {isa = PBXFileReference; fileEncoding = 4; lastKnownFileType = sourcecode.swift; path = PreviewTextViewController.swift; sourceTree = "<group>"; };
/* End PBXFileReference section */

/* Begin PBXFrameworksBuildPhase section */
		BE96A1ED2B5A216500917EE3 /* Frameworks */ = {
			isa = PBXFrameworksBuildPhase;
			buildActionMask = 2147483647;
			files = (
				BE96A2042B5A21F200917EE3 /* RichEditor in Frameworks */,
			);
			runOnlyForDeploymentPostprocessing = 0;
		};
/* End PBXFrameworksBuildPhase section */

/* Begin PBXGroup section */
		BE96A1E72B5A216500917EE3 = {
			isa = PBXGroup;
			children = (
				BE96A1F22B5A216500917EE3 /* RichEditorExample */,
				BE96A1F12B5A216500917EE3 /* Products */,
			);
			sourceTree = "<group>";
		};
		BE96A1F12B5A216500917EE3 /* Products */ = {
			isa = PBXGroup;
			children = (
				BE96A1F02B5A216500917EE3 /* RichEditorExample.app */,
			);
			name = Products;
			sourceTree = "<group>";
		};
		BE96A1F22B5A216500917EE3 /* RichEditorExample */ = {
			isa = PBXGroup;
			children = (
				BE96A1F32B5A216500917EE3 /* AppDelegate.swift */,
				BE96A2072B5A221700917EE3 /* NSColor+Hex.swift */,
				BE96A1F72B5A216600917EE3 /* Assets.xcassets */,
				BE96A20D2B5A222500917EE3 /* ViewControllers */,
				BE96A1F92B5A216700917EE3 /* Main.storyboard */,
				BE96A1FC2B5A216700917EE3 /* RichEditorExample.entitlements */,
			);
			path = RichEditorExample;
			sourceTree = "<group>";
		};
		BE96A20D2B5A222500917EE3 /* ViewControllers */ = {
			isa = PBXGroup;
			children = (
				BE96A1F52B5A216500917EE3 /* ViewController.swift */,
				BE96A2082B5A221700917EE3 /* PreviewTextViewController.swift */,
				BE96A2062B5A221700917EE3 /* PreviewViewController.swift */,
				BE96A2052B5A221700917EE3 /* PreviewWebViewController.swift */,
			);
			path = ViewControllers;
			sourceTree = "<group>";
		};
/* End PBXGroup section */

/* Begin PBXNativeTarget section */
		BE96A1EF2B5A216500917EE3 /* RichEditorExample */ = {
			isa = PBXNativeTarget;
			buildConfigurationList = BE96A1FF2B5A216700917EE3 /* Build configuration list for PBXNativeTarget "RichEditorExample" */;
			buildPhases = (
				BE96A1EC2B5A216500917EE3 /* Sources */,
				BE96A1ED2B5A216500917EE3 /* Frameworks */,
				BE96A1EE2B5A216500917EE3 /* Resources */,
			);
			buildRules = (
			);
			dependencies = (
			);
			name = RichEditorExample;
			packageProductDependencies = (
				BE96A2032B5A21F200917EE3 /* RichEditor */,
			);
			productName = RichEditorExample;
			productReference = BE96A1F02B5A216500917EE3 /* RichEditorExample.app */;
			productType = "com.apple.product-type.application";
		};
/* End PBXNativeTarget section */

/* Begin PBXProject section */
		BE96A1E82B5A216500917EE3 /* Project object */ = {
			isa = PBXProject;
			attributes = {
				BuildIndependentTargetsInParallel = 1;
				LastSwiftUpdateCheck = 1520;
				LastUpgradeCheck = 1520;
				TargetAttributes = {
					BE96A1EF2B5A216500917EE3 = {
						CreatedOnToolsVersion = 15.2;
					};
				};
			};
			buildConfigurationList = BE96A1EB2B5A216500917EE3 /* Build configuration list for PBXProject "RichEditorExample" */;
			compatibilityVersion = "Xcode 14.0";
			developmentRegion = en;
			hasScannedForEncodings = 0;
			knownRegions = (
				en,
				Base,
			);
			mainGroup = BE96A1E72B5A216500917EE3;
			packageReferences = (
				BE96A2022B5A21F200917EE3 /* XCLocalSwiftPackageReference ".." */,
			);
			productRefGroup = BE96A1F12B5A216500917EE3 /* Products */;
			projectDirPath = "";
			projectRoot = "";
			targets = (
				BE96A1EF2B5A216500917EE3 /* RichEditorExample */,
			);
		};
/* End PBXProject section */

/* Begin PBXResourcesBuildPhase section */
		BE96A1EE2B5A216500917EE3 /* Resources */ = {
			isa = PBXResourcesBuildPhase;
			buildActionMask = 2147483647;
			files = (
				BE96A1F82B5A216600917EE3 /* Assets.xcassets in Resources */,
				BE96A1FB2B5A216700917EE3 /* Main.storyboard in Resources */,
			);
			runOnlyForDeploymentPostprocessing = 0;
		};
/* End PBXResourcesBuildPhase section */

/* Begin PBXSourcesBuildPhase section */
		BE96A1EC2B5A216500917EE3 /* Sources */ = {
			isa = PBXSourcesBuildPhase;
			buildActionMask = 2147483647;
			files = (
				BE96A20C2B5A221700917EE3 /* PreviewTextViewController.swift in Sources */,
				BE96A1F62B5A216500917EE3 /* ViewController.swift in Sources */,
				BE96A20B2B5A221700917EE3 /* NSColor+Hex.swift in Sources */,
				BE96A1F42B5A216500917EE3 /* AppDelegate.swift in Sources */,
				BE96A2092B5A221700917EE3 /* PreviewWebViewController.swift in Sources */,
				BE96A20A2B5A221700917EE3 /* PreviewViewController.swift in Sources */,
			);
			runOnlyForDeploymentPostprocessing = 0;
		};
/* End PBXSourcesBuildPhase section */

/* Begin PBXVariantGroup section */
		BE96A1F92B5A216700917EE3 /* Main.storyboard */ = {
			isa = PBXVariantGroup;
			children = (
				BE96A1FA2B5A216700917EE3 /* Base */,
			);
			name = Main.storyboard;
			sourceTree = "<group>";
		};
/* End PBXVariantGroup section */

/* Begin XCBuildConfiguration section */
		BE96A1FD2B5A216700917EE3 /* Debug */ = {
			isa = XCBuildConfiguration;
			buildSettings = {
				ALWAYS_SEARCH_USER_PATHS = NO;
				ASSETCATALOG_COMPILER_GENERATE_SWIFT_ASSET_SYMBOL_EXTENSIONS = YES;
				CLANG_ANALYZER_NONNULL = YES;
				CLANG_ANALYZER_NUMBER_OBJECT_CONVERSION = YES_AGGRESSIVE;
				CLANG_CXX_LANGUAGE_STANDARD = "gnu++20";
				CLANG_ENABLE_MODULES = YES;
				CLANG_ENABLE_OBJC_ARC = YES;
				CLANG_ENABLE_OBJC_WEAK = YES;
				CLANG_WARN_BLOCK_CAPTURE_AUTORELEASING = YES;
				CLANG_WARN_BOOL_CONVERSION = YES;
				CLANG_WARN_COMMA = YES;
				CLANG_WARN_CONSTANT_CONVERSION = YES;
				CLANG_WARN_DEPRECATED_OBJC_IMPLEMENTATIONS = YES;
				CLANG_WARN_DIRECT_OBJC_ISA_USAGE = YES_ERROR;
				CLANG_WARN_DOCUMENTATION_COMMENTS = YES;
				CLANG_WARN_EMPTY_BODY = YES;
				CLANG_WARN_ENUM_CONVERSION = YES;
				CLANG_WARN_INFINITE_RECURSION = YES;
				CLANG_WARN_INT_CONVERSION = YES;
				CLANG_WARN_NON_LITERAL_NULL_CONVERSION = YES;
				CLANG_WARN_OBJC_IMPLICIT_RETAIN_SELF = YES;
				CLANG_WARN_OBJC_LITERAL_CONVERSION = YES;
				CLANG_WARN_OBJC_ROOT_CLASS = YES_ERROR;
				CLANG_WARN_QUOTED_INCLUDE_IN_FRAMEWORK_HEADER = YES;
				CLANG_WARN_RANGE_LOOP_ANALYSIS = YES;
				CLANG_WARN_STRICT_PROTOTYPES = YES;
				CLANG_WARN_SUSPICIOUS_MOVE = YES;
				CLANG_WARN_UNGUARDED_AVAILABILITY = YES_AGGRESSIVE;
				CLANG_WARN_UNREACHABLE_CODE = YES;
				CLANG_WARN__DUPLICATE_METHOD_MATCH = YES;
				COPY_PHASE_STRIP = NO;
				DEBUG_INFORMATION_FORMAT = dwarf;
				ENABLE_STRICT_OBJC_MSGSEND = YES;
				ENABLE_TESTABILITY = YES;
				ENABLE_USER_SCRIPT_SANDBOXING = YES;
				GCC_C_LANGUAGE_STANDARD = gnu17;
				GCC_DYNAMIC_NO_PIC = NO;
				GCC_NO_COMMON_BLOCKS = YES;
				GCC_OPTIMIZATION_LEVEL = 0;
				GCC_PREPROCESSOR_DEFINITIONS = (
					"DEBUG=1",
					"$(inherited)",
				);
				GCC_WARN_64_TO_32_BIT_CONVERSION = YES;
				GCC_WARN_ABOUT_RETURN_TYPE = YES_ERROR;
				GCC_WARN_UNDECLARED_SELECTOR = YES;
				GCC_WARN_UNINITIALIZED_AUTOS = YES_AGGRESSIVE;
				GCC_WARN_UNUSED_FUNCTION = YES;
				GCC_WARN_UNUSED_VARIABLE = YES;
				LOCALIZATION_PREFERS_STRING_CATALOGS = YES;
				MACOSX_DEPLOYMENT_TARGET = 14.2;
				MTL_ENABLE_DEBUG_INFO = INCLUDE_SOURCE;
				MTL_FAST_MATH = YES;
				ONLY_ACTIVE_ARCH = YES;
				SDKROOT = macosx;
				SWIFT_ACTIVE_COMPILATION_CONDITIONS = "DEBUG $(inherited)";
				SWIFT_OPTIMIZATION_LEVEL = "-Onone";
			};
			name = Debug;
		};
		BE96A1FE2B5A216700917EE3 /* Release */ = {
			isa = XCBuildConfiguration;
			buildSettings = {
				ALWAYS_SEARCH_USER_PATHS = NO;
				ASSETCATALOG_COMPILER_GENERATE_SWIFT_ASSET_SYMBOL_EXTENSIONS = YES;
				CLANG_ANALYZER_NONNULL = YES;
				CLANG_ANALYZER_NUMBER_OBJECT_CONVERSION = YES_AGGRESSIVE;
				CLANG_CXX_LANGUAGE_STANDARD = "gnu++20";
				CLANG_ENABLE_MODULES = YES;
				CLANG_ENABLE_OBJC_ARC = YES;
				CLANG_ENABLE_OBJC_WEAK = YES;
				CLANG_WARN_BLOCK_CAPTURE_AUTORELEASING = YES;
				CLANG_WARN_BOOL_CONVERSION = YES;
				CLANG_WARN_COMMA = YES;
				CLANG_WARN_CONSTANT_CONVERSION = YES;
				CLANG_WARN_DEPRECATED_OBJC_IMPLEMENTATIONS = YES;
				CLANG_WARN_DIRECT_OBJC_ISA_USAGE = YES_ERROR;
				CLANG_WARN_DOCUMENTATION_COMMENTS = YES;
				CLANG_WARN_EMPTY_BODY = YES;
				CLANG_WARN_ENUM_CONVERSION = YES;
				CLANG_WARN_INFINITE_RECURSION = YES;
				CLANG_WARN_INT_CONVERSION = YES;
				CLANG_WARN_NON_LITERAL_NULL_CONVERSION = YES;
				CLANG_WARN_OBJC_IMPLICIT_RETAIN_SELF = YES;
				CLANG_WARN_OBJC_LITERAL_CONVERSION = YES;
				CLANG_WARN_OBJC_ROOT_CLASS = YES_ERROR;
				CLANG_WARN_QUOTED_INCLUDE_IN_FRAMEWORK_HEADER = YES;
				CLANG_WARN_RANGE_LOOP_ANALYSIS = YES;
				CLANG_WARN_STRICT_PROTOTYPES = YES;
				CLANG_WARN_SUSPICIOUS_MOVE = YES;
				CLANG_WARN_UNGUARDED_AVAILABILITY = YES_AGGRESSIVE;
				CLANG_WARN_UNREACHABLE_CODE = YES;
				CLANG_WARN__DUPLICATE_METHOD_MATCH = YES;
				COPY_PHASE_STRIP = NO;
				DEBUG_INFORMATION_FORMAT = "dwarf-with-dsym";
				ENABLE_NS_ASSERTIONS = NO;
				ENABLE_STRICT_OBJC_MSGSEND = YES;
				ENABLE_USER_SCRIPT_SANDBOXING = YES;
				GCC_C_LANGUAGE_STANDARD = gnu17;
				GCC_NO_COMMON_BLOCKS = YES;
				GCC_WARN_64_TO_32_BIT_CONVERSION = YES;
				GCC_WARN_ABOUT_RETURN_TYPE = YES_ERROR;
				GCC_WARN_UNDECLARED_SELECTOR = YES;
				GCC_WARN_UNINITIALIZED_AUTOS = YES_AGGRESSIVE;
				GCC_WARN_UNUSED_FUNCTION = YES;
				GCC_WARN_UNUSED_VARIABLE = YES;
				LOCALIZATION_PREFERS_STRING_CATALOGS = YES;
				MACOSX_DEPLOYMENT_TARGET = 14.2;
				MTL_ENABLE_DEBUG_INFO = NO;
				MTL_FAST_MATH = YES;
				SDKROOT = macosx;
				SWIFT_COMPILATION_MODE = wholemodule;
			};
			name = Release;
		};
		BE96A2002B5A216700917EE3 /* Debug */ = {
			isa = XCBuildConfiguration;
			buildSettings = {
				ASSETCATALOG_COMPILER_APPICON_NAME = AppIcon;
				ASSETCATALOG_COMPILER_GLOBAL_ACCENT_COLOR_NAME = AccentColor;
				CODE_SIGN_ENTITLEMENTS = RichEditorExample/RichEditorExample.entitlements;
				CODE_SIGN_STYLE = Automatic;
				COMBINE_HIDPI_IMAGES = YES;
				CURRENT_PROJECT_VERSION = 1;
				DEVELOPMENT_TEAM = 4ELTP9RFTJ;
				ENABLE_HARDENED_RUNTIME = YES;
				GENERATE_INFOPLIST_FILE = YES;
				INFOPLIST_KEY_NSHumanReadableCopyright = "";
				INFOPLIST_KEY_NSMainStoryboardFile = Main;
				INFOPLIST_KEY_NSPrincipalClass = NSApplication;
				LD_RUNPATH_SEARCH_PATHS = (
					"$(inherited)",
					"@executable_path/../Frameworks",
				);
				MARKETING_VERSION = 1.0;
				PRODUCT_BUNDLE_IDENTIFIER = com.williamlumley.RichEditorExample;
				PRODUCT_NAME = "$(TARGET_NAME)";
				SWIFT_EMIT_LOC_STRINGS = YES;
				SWIFT_VERSION = 5.0;
			};
			name = Debug;
		};
		BE96A2012B5A216700917EE3 /* Release */ = {
			isa = XCBuildConfiguration;
			buildSettings = {
				ASSETCATALOG_COMPILER_APPICON_NAME = AppIcon;
				ASSETCATALOG_COMPILER_GLOBAL_ACCENT_COLOR_NAME = AccentColor;
				CODE_SIGN_ENTITLEMENTS = RichEditorExample/RichEditorExample.entitlements;
				CODE_SIGN_STYLE = Automatic;
				COMBINE_HIDPI_IMAGES = YES;
				CURRENT_PROJECT_VERSION = 1;
				DEVELOPMENT_TEAM = 4ELTP9RFTJ;
				ENABLE_HARDENED_RUNTIME = YES;
				GENERATE_INFOPLIST_FILE = YES;
				INFOPLIST_KEY_NSHumanReadableCopyright = "";
				INFOPLIST_KEY_NSMainStoryboardFile = Main;
				INFOPLIST_KEY_NSPrincipalClass = NSApplication;
				LD_RUNPATH_SEARCH_PATHS = (
					"$(inherited)",
					"@executable_path/../Frameworks",
				);
				MARKETING_VERSION = 1.0;
				PRODUCT_BUNDLE_IDENTIFIER = com.williamlumley.RichEditorExample;
				PRODUCT_NAME = "$(TARGET_NAME)";
				SWIFT_EMIT_LOC_STRINGS = YES;
				SWIFT_VERSION = 5.0;
			};
			name = Release;
		};
/* End XCBuildConfiguration section */

/* Begin XCConfigurationList section */
		BE96A1EB2B5A216500917EE3 /* Build configuration list for PBXProject "RichEditorExample" */ = {
			isa = XCConfigurationList;
			buildConfigurations = (
				BE96A1FD2B5A216700917EE3 /* Debug */,
				BE96A1FE2B5A216700917EE3 /* Release */,
			);
			defaultConfigurationIsVisible = 0;
			defaultConfigurationName = Release;
		};
		BE96A1FF2B5A216700917EE3 /* Build configuration list for PBXNativeTarget "RichEditorExample" */ = {
			isa = XCConfigurationList;
			buildConfigurations = (
				BE96A2002B5A216700917EE3 /* Debug */,
				BE96A2012B5A216700917EE3 /* Release */,
			);
			defaultConfigurationIsVisible = 0;
			defaultConfigurationName = Release;
		};
/* End XCConfigurationList section */

/* Begin XCLocalSwiftPackageReference section */
		BE96A2022B5A21F200917EE3 /* XCLocalSwiftPackageReference ".." */ = {
			isa = XCLocalSwiftPackageReference;
			relativePath = ..;
		};
/* End XCLocalSwiftPackageReference section */

/* Begin XCSwiftPackageProductDependency section */
		BE96A2032B5A21F200917EE3 /* RichEditor */ = {
			isa = XCSwiftPackageProductDependency;
			productName = RichEditor;
		};
/* End XCSwiftPackageProductDependency section */
	};
	rootObject = BE96A1E82B5A216500917EE3 /* Project object */;
}
